
Microsoft Visual Studio Solution File, Format Version 12.00
Project("{FAE04EC0-301F-11D3-BF4B-00C04F79EFBC}") = "EnvironmentAPI", "EnvironmentAPI\EnvironmentAPI.csproj", "{5084D9FE-3A3A-401C-B068-5A5A78F752DF}"
EndProject
Project("{FAE04EC0-301F-11D3-BF4B-00C04F79EFBC}") = "RegionResponseAPI", "RegionResponseAPI\RegionResponseAPI.csproj", "{A3258D71-794F-4957-83D5-9D28E2339C9E}"
EndProject
Project("{2150E333-8FDC-42A3-9474-1A3956D46DE8}") = "Solution Items", "Solution Items", "{EDD1C4AC-EE74-48DB-B379-0E072AA371FE}"
	ProjectSection(SolutionItems) = preProject
		docker-compose.yml = docker-compose.yml
	EndProjectSection
EndProject
Project("{2150E333-8FDC-42A3-9474-1A3956D46DE8}") = "OrderMicroservice", "OrderMicroservice", "{F762264E-BC54-49C9-899A-61816A2ECE97}"
EndProject
Project("{FAE04EC0-301F-11D3-BF4B-00C04F79EFBC}") = "OrderAPI", "OrderMicroservice\OrderAPI\OrderAPI.csproj", "{5D45841D-16B1-4742-B3A0-4866D9E9416D}"
EndProject
Project("{2150E333-8FDC-42A3-9474-1A3956D46DE8}") = "InventoryMicroservice", "InventoryMicroservice", "{24A083F0-FBF2-45CB-B8C0-9D15119E6961}"
EndProject
Project("{FAE04EC0-301F-11D3-BF4B-00C04F79EFBC}") = "InventoryAPI", "InventoryMicroservice\InventoryAPI\InventoryAPI.csproj", "{FC456F96-975B-4BB2-906A-3B5F749A0815}"
EndProject
Project("{2150E333-8FDC-42A3-9474-1A3956D46DE8}") = "APIGateway", "APIGateway", "{13D6E3E2-B60F-466F-9965-24E4DA74FD55}"
EndProject
Project("{FAE04EC0-301F-11D3-BF4B-00C04F79EFBC}") = "APIGatewayService", "APIGatewayService\APIGatewayService.csproj", "{E68F7751-D804-4D26-A850-5257758327A2}"
EndProject
Project("{FAE04EC0-301F-11D3-BF4B-00C04F79EFBC}") = "JwtAuthenticationManager", "JwtAuthenticationManager\JwtAuthenticationManager.csproj", "{8D63BF0C-0F6A-48E5-AA46-A317114BA3DD}"
EndProject
Project("{2150E333-8FDC-42A3-9474-1A3956D46DE8}") = "AuthenticationMicroservice", "AuthenticationMicroservice", "{32FFB39E-37EF-4821-8C01-A811C4664F78}"
EndProject
Project("{FAE04EC0-301F-11D3-BF4B-00C04F79EFBC}") = "AuthenticationAPI", "AuthenticationAPI\AuthenticationAPI.csproj", "{E611C34B-BF0E-4402-8F3B-708A64091186}"
EndProject
Project("{2150E333-8FDC-42A3-9474-1A3956D46DE8}") = "CustomerService", "CustomerService", "{C4850839-751C-4DEF-A0D7-76F7C27C95A6}"
EndProject
Project("{FAE04EC0-301F-11D3-BF4B-00C04F79EFBC}") = "CustomerAPI", "CustomerAPI\CustomerAPI.csproj", "{6ED6344D-B657-46C1-A3F8-7FCB295FE228}"
EndProject
Global
	GlobalSection(SolutionConfigurationPlatforms) = preSolution
		Debug|Any CPU = Debug|Any CPU
		Release|Any CPU = Release|Any CPU
	EndGlobalSection
	GlobalSection(ProjectConfigurationPlatforms) = postSolution
		{5084D9FE-3A3A-401C-B068-5A5A78F752DF}.Debug|Any CPU.ActiveCfg = Debug|Any CPU
		{5084D9FE-3A3A-401C-B068-5A5A78F752DF}.Debug|Any CPU.Build.0 = Debug|Any CPU
		{5084D9FE-3A3A-401C-B068-5A5A78F752DF}.Release|Any CPU.ActiveCfg = Release|Any CPU
		{5084D9FE-3A3A-401C-B068-5A5A78F752DF}.Release|Any CPU.Build.0 = Release|Any CPU
		{A3258D71-794F-4957-83D5-9D28E2339C9E}.Debug|Any CPU.ActiveCfg = Debug|Any CPU
		{A3258D71-794F-4957-83D5-9D28E2339C9E}.Debug|Any CPU.Build.0 = Debug|Any CPU
		{A3258D71-794F-4957-83D5-9D28E2339C9E}.Release|Any CPU.ActiveCfg = Release|Any CPU
		{A3258D71-794F-4957-83D5-9D28E2339C9E}.Release|Any CPU.Build.0 = Release|Any CPU
		{5D45841D-16B1-4742-B3A0-4866D9E9416D}.Debug|Any CPU.ActiveCfg = Debug|Any CPU
		{5D45841D-16B1-4742-B3A0-4866D9E9416D}.Debug|Any CPU.Build.0 = Debug|Any CPU
		{5D45841D-16B1-4742-B3A0-4866D9E9416D}.Release|Any CPU.ActiveCfg = Release|Any CPU
		{5D45841D-16B1-4742-B3A0-4866D9E9416D}.Release|Any CPU.Build.0 = Release|Any CPU
		{FC456F96-975B-4BB2-906A-3B5F749A0815}.Debug|Any CPU.ActiveCfg = Debug|Any CPU
		{FC456F96-975B-4BB2-906A-3B5F749A0815}.Debug|Any CPU.Build.0 = Debug|Any CPU
		{FC456F96-975B-4BB2-906A-3B5F749A0815}.Release|Any CPU.ActiveCfg = Release|Any CPU
		{FC456F96-975B-4BB2-906A-3B5F749A0815}.Release|Any CPU.Build.0 = Release|Any CPU
		{E68F7751-D804-4D26-A850-5257758327A2}.Debug|Any CPU.ActiveCfg = Debug|Any CPU
		{E68F7751-D804-4D26-A850-5257758327A2}.Debug|Any CPU.Build.0 = Debug|Any CPU
		{E68F7751-D804-4D26-A850-5257758327A2}.Release|Any CPU.ActiveCfg = Release|Any CPU
		{E68F7751-D804-4D26-A850-5257758327A2}.Release|Any CPU.Build.0 = Release|Any CPU
		{8D63BF0C-0F6A-48E5-AA46-A317114BA3DD}.Debug|Any CPU.ActiveCfg = Debug|Any CPU
		{8D63BF0C-0F6A-48E5-AA46-A317114BA3DD}.Debug|Any CPU.Build.0 = Debug|Any CPU
		{8D63BF0C-0F6A-48E5-AA46-A317114BA3DD}.Release|Any CPU.ActiveCfg = Release|Any CPU
		{8D63BF0C-0F6A-48E5-AA46-A317114BA3DD}.Release|Any CPU.Build.0 = Release|Any CPU
		{E611C34B-BF0E-4402-8F3B-708A64091186}.Debug|Any CPU.ActiveCfg = Debug|Any CPU
		{E611C34B-BF0E-4402-8F3B-708A64091186}.Debug|Any CPU.Build.0 = Debug|Any CPU
		{E611C34B-BF0E-4402-8F3B-708A64091186}.Release|Any CPU.ActiveCfg = Release|Any CPU
		{E611C34B-BF0E-4402-8F3B-708A64091186}.Release|Any CPU.Build.0 = Release|Any CPU
		{6ED6344D-B657-46C1-A3F8-7FCB295FE228}.Debug|Any CPU.ActiveCfg = Debug|Any CPU
		{6ED6344D-B657-46C1-A3F8-7FCB295FE228}.Debug|Any CPU.Build.0 = Debug|Any CPU
		{6ED6344D-B657-46C1-A3F8-7FCB295FE228}.Release|Any CPU.ActiveCfg = Release|Any CPU
		{6ED6344D-B657-46C1-A3F8-7FCB295FE228}.Release|Any CPU.Build.0 = Release|Any CPU
	EndGlobalSection
	GlobalSection(NestedProjects) = preSolution
		{5D45841D-16B1-4742-B3A0-4866D9E9416D} = {F762264E-BC54-49C9-899A-61816A2ECE97}
		{FC456F96-975B-4BB2-906A-3B5F749A0815} = {24A083F0-FBF2-45CB-B8C0-9D15119E6961}
		{E68F7751-D804-4D26-A850-5257758327A2} = {13D6E3E2-B60F-466F-9965-24E4DA74FD55}
		{E611C34B-BF0E-4402-8F3B-708A64091186} = {32FFB39E-37EF-4821-8C01-A811C4664F78}
		{6ED6344D-B657-46C1-A3F8-7FCB295FE228} = {C4850839-751C-4DEF-A0D7-76F7C27C95A6}
	EndGlobalSection
EndGlobal
